github.com/go-logr/logr v1.2.3 h1:2DntVwHkVopvECVRSlL5PSo9eG+cAkDCuckLubN+rq0=
github.com/golang/mock v1.6.0 h1:ErTB+efbowRARo13NNdxyJji2egdxLGQhRaY+DUumQc=
github.com/google/go-cmp v0.5.9 h1:O2Tfq5qg4qc4AmwVlvv0oLiVAGB7enBSJ2x2DqQFi38=
github.com/onsi/ginkgo/v2 v2.8.1 h1:xFTEVwOFa1D/Ty24Ws1npBWkDYEV9BqZrsDxVrVkrrU=
github.com/onsi/gomega v1.26.0 h1:03cDLK28U6hWvCAns6NeydX3zIm4SF3ci69ulidS32Q=
github.com/rs/xid v1.4.0 h1:qd7wPTDkN6KQx2VmMBLrpHkiyQwgFXRnkOLacUiaSNY=
github.com/rs/xid v1.4.0/go.mod h1:trrq9SKmegXys3aeAKXMUTdJsYXVwGY3RLcfgqegfbg=
gitlab.com/akita/akita/v3 v3.0.0-alpha.21 h1:02y+YonTbk8hP+a5tbHoDU4mXeTr4ABamG/0Xr9yboA=
gitlab.com/akita/akita/v3 v3.0.0-alpha.21/go.mod h1:1nGDue8VwvjC0XOLJ3Sf0LFwfvxIzEPWglv0hkNc4sA=
golang.org/x/net v0.6.0 h1:L4ZwwTvKW9gr0ZMS1yrHD9GZhIuVjOBBnaKH+SPQK0Q=
golang.org/x/sys v0.5.0 h1:MUK/U/4lj1t1oPg0HfuXDN/Z1wv31ZJ/YcPiGccS4DU=
golang.org/x/text v0.7.0 h1:4BRB4x83lYWy72KwLD/qYDuTu7q9PjSagHvijDw7cLo=
gopkg.in/yaml.v3 v3.0.1 h1:fxVm/GzAzEWqLHuvctI91KS9hhNmmWOoWu0XTYJS7CA=
